{
  "projects": [
    {
      "projectId": "caTPwKxj5ZrD9LQ7DMdK4Z",
      "version": "3.45.0",
      "dependencies": {},
      "lang": "ts",
      "fileLocks": [
        {
          "assetId": "caTPwKxj5ZrD9LQ7DMdK4Z",
          "type": "projectCss",
          "checksum": "fd97b5780f8a68a1561c8818e6d31f40"
        },
        {
          "assetId": "caTPwKxj5ZrD9LQ7DMdK4Z",
          "checksum": "efdcd613ac98718578f9c563cd75fd38",
          "type": "projectModule"
        },
        {
          "assetId": "caTPwKxj5ZrD9LQ7DMdK4Z",
          "checksum": "786b5e9825dbcc9f57e650603b1b1624",
          "type": "styleTokensProvider"
        }
      ],
      "codegenVersion": "0.0.2"
    },
    {
      "projectId": "oBJtsp5RgVpcN6KCrDTuQT",
      "version": "1.3.0",
      "dependencies": {},
      "lang": "ts",
      "fileLocks": [
        {
          "type": "globalVariant",
          "assetId": "BR2UhI7ulpvR",
          "checksum": "97e2876490bc355d078829b7dae64a0e"
        },
        {
          "type": "icon",
          "assetId": "rDjUqSUK3eUM",
          "checksum": "dc694b0d96500d968b028761de044bfb"
        },
        {
          "type": "icon",
          "assetId": "r9Upp9NbiZkf",
          "checksum": "388abe0d0974b9435dbc07e7c61ce890"
        },
        {
          "type": "icon",
          "assetId": "GHdF3hS-oP_3",
          "checksum": "d1129e1d27546b4a318339a15d36e0d4"
        },
        {
          "type": "icon",
          "assetId": "YXreB8gS3SjV",
          "checksum": "ca2631bf2709ffbede9d58e334b189c2"
        },
        {
          "type": "icon",
          "assetId": "aC_QFogxt1Ko",
          "checksum": "40826931fc07f5187ffde35ef60967ac"
        },
        {
          "type": "icon",
          "assetId": "GRY2zHJ6uxOn",
          "checksum": "2c083501909d59cfe0ea7cb7996fd28f"
        },
        {
          "type": "icon",
          "assetId": "jHvDymIOvRnf",
          "checksum": "84d13f836314ba0ae512b9de48d93ed8"
        },
        {
          "type": "icon",
          "assetId": "9zdEG9CdGbdC",
          "checksum": "1f171a0800233f1442e7d2bccf80579f"
        },
        {
          "type": "icon",
          "assetId": "7Dhq6fgU-utK",
          "checksum": "003bc64498c90a5ed36c936068dc4683"
        },
        {
          "type": "icon",
          "assetId": "J8ozh55UiWsA",
          "checksum": "19a0a611bce8a3d484988dddeb495d93"
        },
        {
          "type": "icon",
          "assetId": "rW7v27ONOoUe",
          "checksum": "476c4be86c53c8d47ebd015f1f233531"
        },
        {
          "type": "icon",
          "assetId": "4D7uZNf6OjbV",
          "checksum": "94ac616e9797414d3046614537d876cf"
        },
        {
          "type": "icon",
          "assetId": "e2zWN9c_lxv7",
          "checksum": "591ebad6685d5cc4223ef54e27e1bf20"
        },
        {
          "type": "icon",
          "assetId": "WTtCf_1I-uMv",
          "checksum": "881576dd6a5158925fb577365f5f4301"
        },
        {
          "type": "icon",
          "assetId": "eZfYsLpdWQA_",
          "checksum": "7440dc6e52053f9c038bd9ab1b6c1cbc"
        },
        {
          "type": "icon",
          "assetId": "NSxX1Iy4jDVL",
          "checksum": "1870bb10d69e41e51b2c4984bb220cb6"
        },
        {
          "type": "icon",
          "assetId": "dmfb3Ga2IoVt",
          "checksum": "599824abe1db0900e0d9d3f6bca69e5e"
        },
        {
          "type": "icon",
          "assetId": "BamIPHX72k5k",
          "checksum": "ae62abe807cf03508778b8b81a1dfa45"
        },
        {
          "type": "icon",
          "assetId": "zb1oqVXdrxPK",
          "checksum": "09f0104eff9c3b860c3bb51327a85a50"
        },
        {
          "type": "icon",
          "assetId": "oob3UzcKBsd_",
          "checksum": "0faac4bbfe9ecf64e494d37a142bd0c3"
        },
        {
          "type": "icon",
          "assetId": "qxWwW7vbw7na",
          "checksum": "f8591da4e1feb7d84363e9c5423f223e"
        },
        {
          "type": "image",
          "assetId": "ijbf5URccsnE",
          "checksum": "871858b983feb6fdf32268fce7608bc6"
        },
        {
          "assetId": "oBJtsp5RgVpcN6KCrDTuQT",
          "type": "projectCss",
          "checksum": "439d00a244e6cd4ae6627d3aadbb7307"
        },
        {
          "assetId": "oBJtsp5RgVpcN6KCrDTuQT",
          "checksum": "6c9fbc9f2ec4a1ceaaefb44712f79cc3",
          "type": "projectModule"
        },
        {
          "assetId": "oBJtsp5RgVpcN6KCrDTuQT",
          "checksum": "98bbcae1659bde715f1d37a652b03e5d",
          "type": "styleTokensProvider"
        }
      ],
      "codegenVersion": "0.0.2"
    },
    {
      "projectId": "sqPBLwEBBKHA2WDuGb17eV",
      "version": "2.9.0",
      "dependencies": {},
      "lang": "ts",
      "fileLocks": [
        {
          "type": "renderModule",
          "assetId": "5nirPCGmCnRD",
          "checksum": "0b617c1f5cc629ae5037327d171ee932"
        },
        {
          "type": "cssRules",
          "assetId": "5nirPCGmCnRD",
          "checksum": "0b617c1f5cc629ae5037327d171ee932"
        },
        {
          "type": "icon",
          "assetId": "Wyt3GMMsLefj",
          "checksum": "deaf3f5a9deac5496bb1f95e8d12632e"
        },
        {
          "type": "icon",
          "assetId": "MbDRsJU0e3bw",
          "checksum": "9d51d53684707877b3fd221333160d5b"
        },
        {
          "assetId": "sqPBLwEBBKHA2WDuGb17eV",
          "type": "projectCss",
          "checksum": "fd97b5780f8a68a1561c8818e6d31f40"
        },
        {
          "assetId": "sqPBLwEBBKHA2WDuGb17eV",
          "checksum": "9336f76952c0d97c64ae4e3da40cf418",
          "type": "projectModule"
        },
        {
          "assetId": "sqPBLwEBBKHA2WDuGb17eV",
          "checksum": "0cbeb4d089ec718f3581db4e556b423b",
          "type": "styleTokensProvider"
        }
      ],
      "codegenVersion": "0.0.2"
    },
    {
      "projectId": "ohDidvG9XsCeFumugENU3J",
      "version": "6.34.0",
      "dependencies": {},
      "lang": "ts",
      "fileLocks": [
        {
          "assetId": "ohDidvG9XsCeFumugENU3J",
          "checksum": "f35a7050af9ad27b5adac4d101d88037",
          "type": "globalContexts"
        },
        {
          "assetId": "ohDidvG9XsCeFumugENU3J",
          "type": "projectCss",
          "checksum": "90d914ab6827da8f06873ac8ab81cbfa"
        },
        {
          "assetId": "ohDidvG9XsCeFumugENU3J",
          "checksum": "c425737058d1ac29382a23e54666cb69",
          "type": "projectModule"
        },
        {
          "assetId": "ohDidvG9XsCeFumugENU3J",
          "checksum": "220d8db3ee1a6eca080affb2e5d2e314",
          "type": "styleTokensProvider"
        }
      ],
      "codegenVersion": "0.0.2"
    },
    {
      "projectId": "YUiM7yqBWAqsh8KSnrdj7",
      "version": "0.38.0",
      "dependencies": {},
      "lang": "ts",
      "fileLocks": [
        {
          "assetId": "YUiM7yqBWAqsh8KSnrdj7",
          "type": "projectCss",
          "checksum": "864b6fafea973ebd92a689289e1ebdaa"
        },
        {
          "assetId": "YUiM7yqBWAqsh8KSnrdj7",
          "checksum": "7c3f9f2189eb5f1bfd2d5e9568f4495a",
          "type": "projectModule"
        },
        {
          "assetId": "YUiM7yqBWAqsh8KSnrdj7",
          "checksum": "89660d2be6129d9fba618bf8571b0b7c",
          "type": "styleTokensProvider"
        }
      ],
      "codegenVersion": "0.0.2"
    },
    {
      "projectId": "h9Dbk9ygddw7UVEq1NNhKi",
      "version": "6.0.1",
      "dependencies": {
        "sqPBLwEBBKHA2WDuGb17eV": "2.9.0",
        "oBJtsp5RgVpcN6KCrDTuQT": "1.3.0",
        "caTPwKxj5ZrD9LQ7DMdK4Z": "3.45.0"
      },
      "lang": "ts",
      "fileLocks": [
        {
          "type": "globalVariant",
          "assetId": "QmLtHiTXdNxv",
          "checksum": "41169a50389ce88f4c092c4e061cb475"
        },
        {
          "type": "renderModule",
          "assetId": "3i84rYjQRrs4",
          "checksum": "e5a7f824fb3f0dfa0fd3d470e063e409"
        },
        {
          "type": "cssRules",
          "assetId": "3i84rYjQRrs4",
          "checksum": "e5a7f824fb3f0dfa0fd3d470e063e409"
        },
        {
          "type": "renderModule",
          "assetId": "oVzoHzMf1TLl",
          "checksum": "8a39af82db66e44e59d6652d01a2fe9c"
        },
        {
          "type": "cssRules",
          "assetId": "oVzoHzMf1TLl",
          "checksum": "8a39af82db66e44e59d6652d01a2fe9c"
        },
        {
          "type": "renderModule",
          "assetId": "FJiI2-N1is_F",
          "checksum": "a49cd71f6ba6fdd9df8299e1ff3001e1"
        },
        {
          "type": "cssRules",
          "assetId": "FJiI2-N1is_F",
          "checksum": "a49cd71f6ba6fdd9df8299e1ff3001e1"
        },
        {
          "type": "renderModule",
          "assetId": "1bFBcAoH0lNN",
          "checksum": "1ab181f50bada87d4cf771b22fa90f55"
        },
        {
          "type": "cssRules",
          "assetId": "1bFBcAoH0lNN",
          "checksum": "1ab181f50bada87d4cf771b22fa90f55"
        },
        {
          "type": "renderModule",
          "assetId": "fa_t7ELXcm5k",
          "checksum": "b6b20b15a518fc8e099c5ba044626ba1"
        },
        {
          "type": "cssRules",
          "assetId": "fa_t7ELXcm5k",
          "checksum": "b6b20b15a518fc8e099c5ba044626ba1"
        },
        {
          "type": "renderModule",
          "assetId": "CZBpNouNw7Ui",
          "checksum": "7545859deef3698c143bfea2d8375e05"
        },
        {
          "type": "cssRules",
          "assetId": "CZBpNouNw7Ui",
          "checksum": "7545859deef3698c143bfea2d8375e05"
        },
        {
          "type": "icon",
          "assetId": "eCsLCdWP9DST",
          "checksum": "f56f1a2bdf973513b0ac3844b0ea9df4"
        },
        {
          "type": "icon",
          "assetId": "xYtO5aWYRBvW",
          "checksum": "a00dcd2a6b86467d6dc865ec21119d7f"
        },
        {
          "type": "icon",
          "assetId": "RqwNL88PjcHS",
          "checksum": "5404c4d8e38c1036ad0ec8dc654dbc85"
        },
        {
          "type": "icon",
          "assetId": "_Qaeb-4Y8N07",
          "checksum": "60099d3d9950e34fb5491892f02062f9"
        },
        {
          "assetId": "h9Dbk9ygddw7UVEq1NNhKi",
          "type": "projectCss",
          "checksum": "cfa600c6d5e26fc538e0e79d97e634ff"
        },
        {
          "assetId": "h9Dbk9ygddw7UVEq1NNhKi",
          "checksum": "e58d5aa0172aa907f806af258d9d71f8",
          "type": "projectModule"
        },
        {
          "assetId": "h9Dbk9ygddw7UVEq1NNhKi",
          "checksum": "5c0e5fc817ae62fdde8727d7698635d1",
          "type": "styleTokensProvider"
        }
      ],
      "codegenVersion": "0.0.2"
    },
    {
      "projectId": "w8Roqs5CeKXUVajBnjnyHA",
      "version": "latest",
      "dependencies": {
        "h9Dbk9ygddw7UVEq1NNhKi": "6.0.1",
        "oBJtsp5RgVpcN6KCrDTuQT": "1.3.0",
        "sqPBLwEBBKHA2WDuGb17eV": "2.9.0",
        "caTPwKxj5ZrD9LQ7DMdK4Z": "3.45.0",
        "YUiM7yqBWAqsh8KSnrdj7": "0.38.0",
        "ohDidvG9XsCeFumugENU3J": "6.34.0",
        "jkU633o1Cz7HrJdwdxhVHk": "16.18.0",
        "kS7YGZfVr6mU43XDQjXELc": "0.23.0"
      },
      "lang": "ts",
      "fileLocks": [
        {
          "type": "globalVariant",
          "assetId": "B57xETfIhysw",
          "checksum": "830f8ce62f1632739931390ede641dab"
        },
        {
          "assetId": "w8Roqs5CeKXUVajBnjnyHA",
          "checksum": "cb949ed38c1b5536a3b3b2df46c94fa5",
          "type": "globalContexts"
        },
        {
          "type": "renderModule",
          "assetId": "_yahxnQi1d3a",
          "checksum": "6a234340ad09532f9858d35576a2ca08"
        },
        {
          "type": "cssRules",
          "assetId": "_yahxnQi1d3a",
          "checksum": "6a234340ad09532f9858d35576a2ca08"
        },
        {
          "type": "icon",
          "assetId": "PgjN1jR1k265",
          "checksum": "65c30701a27235d6510e71b235bdb862"
        },
        {
          "type": "icon",
          "assetId": "KCw0ExuGEz0B",
          "checksum": "75a2af71bf6905afe6699f4c555e7f4d"
        },
        {
          "type": "icon",
          "assetId": "I5AceigUynU8",
          "checksum": "f03694ed5b56505631fba61f8113aa19"
        },
        {
          "type": "image",
          "assetId": "YkgFi_uhDLjT",
          "checksum": "dbb9b79d555ea51fd1f656065292925a"
        },
        {
          "type": "image",
          "assetId": "2td-T50uyt2F",
          "checksum": "d27f5076a30b447c485a832cf43d65b4"
        },
        {
          "type": "renderModule",
          "assetId": "vitBSaUD2KOG",
          "checksum": "19d4d80940e72abc8df72b6426597408"
        },
        {
          "type": "cssRules",
          "assetId": "vitBSaUD2KOG",
          "checksum": "19d4d80940e72abc8df72b6426597408"
        },
        {
          "type": "icon",
          "assetId": "iQMfo1a3dZrA",
          "checksum": "c2a07f0ce698d2f5d4f3e35f301e0f68"
        },
        {
          "type": "renderModule",
          "assetId": "lj052EBNJq5u",
          "checksum": "2a55b5e4180684194f2824751a6b6d3c"
        },
        {
          "type": "cssRules",
          "assetId": "lj052EBNJq5u",
          "checksum": "2a55b5e4180684194f2824751a6b6d3c"
        },
        {
          "type": "image",
          "assetId": "ohuniR1aQium",
          "checksum": "0c8a85862c120b53b358cf79f53cf88e"
        },
        {
          "type": "image",
          "assetId": "T-mA9C-x3zQ8",
          "checksum": "89f8570f2115d01df2d766ede2164d49"
        },
        {
          "type": "renderModule",
          "assetId": "D8nfHqzg7emF",
          "checksum": "15404020aaa452a2137fa9f975c86db1"
        },
        {
          "type": "cssRules",
          "assetId": "D8nfHqzg7emF",
          "checksum": "15404020aaa452a2137fa9f975c86db1"
        },
        {
          "type": "image",
          "assetId": "JxVHKmi5CLt6",
          "checksum": "c4e96496c0c1a1c70707ff5bfaf46477"
        },
        {
          "type": "image",
          "assetId": "FUXPQMXu57sg",
          "checksum": "18923072ae8d645843af4f119e66bd61"
        },
        {
          "type": "image",
          "assetId": "YA45N6POkpEA",
          "checksum": "0cbb2048ce8641dc947a8a123975c06a"
        },
        {
          "type": "renderModule",
          "assetId": "a2O4w__PND9a",
          "checksum": "eebe12aadfe8697b980293508bb29b76"
        },
        {
          "type": "cssRules",
          "assetId": "a2O4w__PND9a",
          "checksum": "eebe12aadfe8697b980293508bb29b76"
        },
        {
          "type": "icon",
          "assetId": "s5w7iAz6OhSA",
          "checksum": "c02221ac880bfb5b96126276ffe10058"
        },
        {
          "type": "icon",
          "assetId": "QUC8EUW8HzWa",
          "checksum": "21a939f8f7b1d0502ef4fed33f86418c"
        },
        {
          "type": "image",
          "assetId": "qo7SjeAwaDEp",
          "checksum": "d434c957e5780bddc0fad0753aae9132"
        },
        {
          "type": "image",
          "assetId": "GO6trF12sa5C",
          "checksum": "490685492b18685fb1caa97d0491947b"
        },
        {
          "type": "image",
          "assetId": "46SemVBlVrVY",
          "checksum": "ee06c5dfffb0f83fa34d362b49d2205a"
        },
        {
          "type": "image",
          "assetId": "SMm8hc5rtr61",
          "checksum": "9e68203cf607140f5b1667b63377f85e"
        },
        {
          "type": "image",
          "assetId": "2l5yivtdBasz",
          "checksum": "a85d59bbea88c072085e41c24b2503dd"
        },
        {
          "type": "image",
          "assetId": "rKb4TtCNf_6B",
          "checksum": "27e605afaac239603b0f0266bc7a210f"
        },
        {
          "type": "image",
          "assetId": "9cHxCBMUjW8n",
          "checksum": "a8e1f7580609aebf54191f7b871259ca"
        },
        {
          "assetId": "w8Roqs5CeKXUVajBnjnyHA",
          "type": "projectCss",
          "checksum": "a787d90d573462a00f502ec3a11c4579"
        },
        {
          "assetId": "w8Roqs5CeKXUVajBnjnyHA",
          "checksum": "33d38a942b6c1ae52397a726b0190a41",
          "type": "projectModule"
        },
        {
          "assetId": "w8Roqs5CeKXUVajBnjnyHA",
          "checksum": "38190a17b928471291925edb0edb4427",
          "type": "styleTokensProvider"
        },
        {
          "type": "renderModule",
          "assetId": "jcM3q5137AvJ",
          "checksum": "8865948b9653f6ad12a1b2a42467b81a"
        },
        {
          "type": "cssRules",
          "assetId": "jcM3q5137AvJ",
          "checksum": "8865948b9653f6ad12a1b2a42467b81a"
        },
        {
          "type": "image",
          "assetId": "uF9Q-YLCjI8s",
          "checksum": "f60b10de928707faa8123233cc9e4a41"
        }
      ],
      "codegenVersion": "0.0.2"
    },
    {
      "projectId": "kS7YGZfVr6mU43XDQjXELc",
      "version": "0.23.0",
      "dependencies": {},
      "lang": "ts",
      "fileLocks": [
        {
          "assetId": "kS7YGZfVr6mU43XDQjXELc",
          "type": "projectCss",
          "checksum": "fd97b5780f8a68a1561c8818e6d31f40"
        },
        {
          "assetId": "kS7YGZfVr6mU43XDQjXELc",
          "checksum": "29aedc69d21f4efbbdc5047eb2da9f98",
          "type": "projectModule"
        },
        {
          "assetId": "kS7YGZfVr6mU43XDQjXELc",
          "checksum": "21560c2afa2e6926acb20ae541e8b731",
          "type": "styleTokensProvider"
        }
      ],
      "codegenVersion": "0.0.2"
    },
    {
      "projectId": "jkU633o1Cz7HrJdwdxhVHk",
      "version": "16.18.0",
      "dependencies": {},
      "lang": "ts",
      "fileLocks": [
        {
          "assetId": "jkU633o1Cz7HrJdwdxhVHk",
          "type": "projectCss",
          "checksum": "4250322c58aeb54fc6ad8403fde2b31b"
        },
        {
          "assetId": "jkU633o1Cz7HrJdwdxhVHk",
          "checksum": "320a7a2228b83755d4ac8d326d058d87",
          "type": "projectModule"
        },
        {
          "assetId": "jkU633o1Cz7HrJdwdxhVHk",
          "checksum": "81a28d26cdb269ad6e62d0e61231851d",
          "type": "styleTokensProvider"
        }
      ],
      "codegenVersion": "0.0.2"
    }
  ],
  "cliVersion": "0.1.331"
}
